
Microsoft Visual Studio Solution File, Format Version 12.00
# Visual Studio Version 17
VisualStudioVersion = 17.4.33403.182
MinimumVisualStudioVersion = 10.0.40219.1
Project("{FAE04EC0-301F-11D3-BF4B-00C04F79EFBC}") = "kim_shop_API", "kim_shop_API\kim_shop_API.csproj", "{8B5ACDA5-8DD0-45BB-AA4B-48EE7ED51410}"
EndProject
Global
	GlobalSection(SolutionConfigurationPlatforms) = preSolution
		Debug|Any CPU = Debug|Any CPU
		Release|Any CPU = Release|Any CPU
	EndGlobalSection
	GlobalSection(ProjectConfigurationPlatforms) = postSolution
		{8B5ACDA5-8DD0-45BB-AA4B-48EE7ED51410}.Debug|Any CPU.ActiveCfg = Debug|Any CPU
		{8B5ACDA5-8DD0-45BB-AA4B-48EE7ED51410}.Debug|Any CPU.Build.0 = Debug|Any CPU
		{8B5ACDA5-8DD0-45BB-AA4B-48EE7ED51410}.Release|Any CPU.ActiveCfg = Release|Any CPU
		{8B5ACDA5-8DD0-45BB-AA4B-48EE7ED51410}.Release|Any CPU.Build.0 = Release|Any CPU
	EndGlobalSection
	GlobalSection(SolutionProperties) = preSolution
		HideSolutionNode = FALSE
	EndGlobalSection
	GlobalSection(ExtensibilityGlobals) = postSolution
		SolutionGuid = {65EB82BC-BBD4-412B-93F3-FA9E7FF68908}
	EndGlobalSection
EndGlobal
